
Microsoft Visual Studio Solution File, Format Version 12.00
# Visual Studio Version 17
VisualStudioVersion = 17.7.34031.279
MinimumVisualStudioVersion = 10.0.40219.1
Project("{8BC9CEB8-8B4A-11D0-8D11-00A0C91BC942}") = "Bitset", "Бітова множина\Бітова множина.vcxproj", "{D6E2F846-4C1D-4815-90D4-DCC8CB7653D0}"
EndProject
Project("{8BC9CEB8-8B4A-11D0-8D11-00A0C91BC942}") = "UnitTest1", "UnitTest1\UnitTest1.vcxproj", "{AA4EBFEF-FC3E-4D86-8D47-5BBF67F8C722}"
EndProject
Global
	GlobalSection(SolutionConfigurationPlatforms) = preSolution
		Debug|x64 = Debug|x64
		Debug|x86 = Debug|x86
		Release|x64 = Release|x64
		Release|x86 = Release|x86
	EndGlobalSection
	GlobalSection(ProjectConfigurationPlatforms) = postSolution
		{D6E2F846-4C1D-4815-90D4-DCC8CB7653D0}.Debug|x64.ActiveCfg = Debug|x64
		{D6E2F846-4C1D-4815-90D4-DCC8CB7653D0}.Debug|x64.Build.0 = Debug|x64
		{D6E2F846-4C1D-4815-90D4-DCC8CB7653D0}.Debug|x86.ActiveCfg = Debug|Win32
		{D6E2F846-4C1D-4815-90D4-DCC8CB7653D0}.Debug|x86.Build.0 = Debug|Win32
		{D6E2F846-4C1D-4815-90D4-DCC8CB7653D0}.Release|x64.ActiveCfg = Release|x64
		{D6E2F846-4C1D-4815-90D4-DCC8CB7653D0}.Release|x64.Build.0 = Release|x64
		{D6E2F846-4C1D-4815-90D4-DCC8CB7653D0}.Release|x86.ActiveCfg = Release|Win32
		{D6E2F846-4C1D-4815-90D4-DCC8CB7653D0}.Release|x86.Build.0 = Release|Win32
		{AA4EBFEF-FC3E-4D86-8D47-5BBF67F8C722}.Debug|x64.ActiveCfg = Debug|x64
		{AA4EBFEF-FC3E-4D86-8D47-5BBF67F8C722}.Debug|x64.Build.0 = Debug|x64
		{AA4EBFEF-FC3E-4D86-8D47-5BBF67F8C722}.Debug|x86.ActiveCfg = Debug|Win32
		{AA4EBFEF-FC3E-4D86-8D47-5BBF67F8C722}.Debug|x86.Build.0 = Debug|Win32
		{AA4EBFEF-FC3E-4D86-8D47-5BBF67F8C722}.Release|x64.ActiveCfg = Release|x64
		{AA4EBFEF-FC3E-4D86-8D47-5BBF67F8C722}.Release|x64.Build.0 = Release|x64
		{AA4EBFEF-FC3E-4D86-8D47-5BBF67F8C722}.Release|x86.ActiveCfg = Release|Win32
		{AA4EBFEF-FC3E-4D86-8D47-5BBF67F8C722}.Release|x86.Build.0 = Release|Win32
	EndGlobalSection
	GlobalSection(SolutionProperties) = preSolution
		HideSolutionNode = FALSE
	EndGlobalSection
	GlobalSection(ExtensibilityGlobals) = postSolution
		SolutionGuid = {25D856DF-6E45-4C2A-9F56-AD8CACFE678E}
	EndGlobalSection
EndGlobal
